
Microsoft Visual Studio Solution File, Format Version 12.00
# Visual Studio Version 17
VisualStudioVersion = 17.14.36518.9 d17.14
MinimumVisualStudioVersion = 10.0.40219.1
Project("{8BC9CEB8-8B4A-11D0-8D11-00A0C91BC942}") = "projekt_lab4", "projekt_lab4.vcxproj", "{0494A0A8-128B-4CA6-B622-77A7F0133F0E}"
EndProject
Global
	GlobalSection(SolutionConfigurationPlatforms) = preSolution
		Debug|x64 = Debug|x64
		Debug|x86 = Debug|x86
		Release|x64 = Release|x64
		Release|x86 = Release|x86
	EndGlobalSection
	GlobalSection(ProjectConfigurationPlatforms) = postSolution
		{0494A0A8-128B-4CA6-B622-77A7F0133F0E}.Debug|x64.ActiveCfg = Debug|x64
		{0494A0A8-128B-4CA6-B622-77A7F0133F0E}.Debug|x64.Build.0 = Debug|x64
		{0494A0A8-128B-4CA6-B622-77A7F0133F0E}.Debug|x86.ActiveCfg = Debug|Win32
		{0494A0A8-128B-4CA6-B622-77A7F0133F0E}.Debug|x86.Build.0 = Debug|Win32
		{0494A0A8-128B-4CA6-B622-77A7F0133F0E}.Release|x64.ActiveCfg = Release|x64
		{0494A0A8-128B-4CA6-B622-77A7F0133F0E}.Release|x64.Build.0 = Release|x64
		{0494A0A8-128B-4CA6-B622-77A7F0133F0E}.Release|x86.ActiveCfg = Release|Win32
		{0494A0A8-128B-4CA6-B622-77A7F0133F0E}.Release|x86.Build.0 = Release|Win32
	EndGlobalSection
	GlobalSection(SolutionProperties) = preSolution
		HideSolutionNode = FALSE
	EndGlobalSection
	GlobalSection(ExtensibilityGlobals) = postSolution
		SolutionGuid = {52756A13-6F07-4D53-BBA5-C15FDB6472AD}
	EndGlobalSection
EndGlobal
